// !$*UTF8*$!
{
	archiveVersion = 1;
	classes = {
	};
	objectVersion = 51;
	objects = {

/* Begin PBXBuildFile section */
		0FFC57F37F432F1F7199A05E /* TRTCRegisterRootView.swift in Sources */ = {isa = PBXBuildFile; fileRef = 0F46255618B1900A7D53FE32 /* TRTCRegisterRootView.swift */; };
		129F2ADB693106B7B06163BB /* ProfileManager_Mock.swift in Sources */ = {isa = PBXBuildFile; fileRef = 6D532355B33B95F068B36188 /* ProfileManager_Mock.swift */; };
		1BE9BC47CA0C8DD8E3D8AD94 /* Pods_TUIChatSalonApp.framework in Frameworks */ = {isa = PBXBuildFile; fileRef = 8F16F28FADBDCFE9A3EAD9FC /* Pods_TUIChatSalonApp.framework */; };
		398F16043304146B323D3B10 /* TRTCRegisterViewController.swift in Sources */ = {isa = PBXBuildFile; fileRef = 8F1C342331094255FC8C1698 /* TRTCRegisterViewController.swift */; };
		470EB69F266A376A0072071F /* ChatSalonMainViewController.swift in Sources */ = {isa = PBXBuildFile; fileRef = 470EB695266A376A0072071F /* ChatSalonMainViewController.swift */; };
		470EB6A0266A376A0072071F /* ChatSalonMainRootView.swift in Sources */ = {isa = PBXBuildFile; fileRef = 470EB696266A376A0072071F /* ChatSalonMainRootView.swift */; };
		470EB6A1266A376A0072071F /* ChatSalonLocalized.strings in Resources */ = {isa = PBXBuildFile; fileRef = 470EB699266A376A0072071F /* ChatSalonLocalized.strings */; };
		470EB6A2266A376A0072071F /* ChatSalonLocalized.swift in Sources */ = {isa = PBXBuildFile; fileRef = 470EB69C266A376A0072071F /* ChatSalonLocalized.swift */; };
		470EB6A3266A376A0072071F /* ChatSalonAssets.xcassets in Resources */ = {isa = PBXBuildFile; fileRef = 470EB69E266A376A0072071F /* ChatSalonAssets.xcassets */; };
		470EB6AE266A454D0072071F /* LaunchScreen_en.storyboard in Resources */ = {isa = PBXBuildFile; fileRef = 470EB6AC266A454D0072071F /* LaunchScreen_en.storyboard */; };
		470EB6B1266A45C20072071F /* InfoPlist.strings in Resources */ = {isa = PBXBuildFile; fileRef = 470EB6B3266A45C20072071F /* InfoPlist.strings */; };
		470EB6B9266A46280072071F /* LaunchImage_en@2x.png in Resources */ = {isa = PBXBuildFile; fileRef = 470EB6B5266A46280072071F /* LaunchImage_en@2x.png */; };
		470EB6BA266A46280072071F /* LaunchImage@3x.png in Resources */ = {isa = PBXBuildFile; fileRef = 470EB6B6266A46280072071F /* LaunchImage@3x.png */; };
		470EB6BB266A46280072071F /* LaunchImage_en@3x.png in Resources */ = {isa = PBXBuildFile; fileRef = 470EB6B7266A46280072071F /* LaunchImage_en@3x.png */; };
		470EB6BC266A46280072071F /* LaunchImage@2x.png in Resources */ = {isa = PBXBuildFile; fileRef = 470EB6B8266A46280072071F /* LaunchImage@2x.png */; };
		4739C7EE2657527C00CA7C45 /* Assets.xcassets in Resources */ = {isa = PBXBuildFile; fileRef = 47C496002654AD3200B95452 /* Assets.xcassets */; };
		47C495F82654AD3000B95452 /* AppDelegate.swift in Sources */ = {isa = PBXBuildFile; fileRef = 47C495F72654AD3000B95452 /* AppDelegate.swift */; };
		47C495FA2654AD3000B95452 /* SceneDelegate.swift in Sources */ = {isa = PBXBuildFile; fileRef = 47C495F92654AD3000B95452 /* SceneDelegate.swift */; };
		47C495FC2654AD3000B95452 /* ViewController.swift in Sources */ = {isa = PBXBuildFile; fileRef = 47C495FB2654AD3000B95452 /* ViewController.swift */; };
		47C495FF2654AD3000B95452 /* Main.storyboard in Resources */ = {isa = PBXBuildFile; fileRef = 47C495FD2654AD3000B95452 /* Main.storyboard */; };
		47C496042654AD3200B95452 /* LaunchScreen.storyboard in Resources */ = {isa = PBXBuildFile; fileRef = 47C496022654AD3200B95452 /* LaunchScreen.storyboard */; };
		47D1F399265500C800AE3B35 /* GenerateTestUserSig.swift in Sources */ = {isa = PBXBuildFile; fileRef = 47D1F398265500C800AE3B35 /* GenerateTestUserSig.swift */; };
		717C249C4A6C94257CE23D35 /* UserAgreementViewController+UI.swift in Sources */ = {isa = PBXBuildFile; fileRef = 754ED1F1EA7CD67975A615F6 /* UserAgreementViewController+UI.swift */; };
		78B29C841A8F5FF55176E51E /* LoginLocalized.swift in Sources */ = {isa = PBXBuildFile; fileRef = 81FC66ABD5D940A45F1C9D6D /* LoginLocalized.swift */; };
		AAD6D5BF7C883D2AB358A520 /* LoginLocalized.strings in Resources */ = {isa = PBXBuildFile; fileRef = 546C97E7638ACFE141F7B4AB /* LoginLocalized.strings */; };
		BA53494F7A1B0C821A08B930 /* AppUtils.swift in Sources */ = {isa = PBXBuildFile; fileRef = 7A1BBFD29A222378E7BABF97 /* AppUtils.swift */; };
		CF4FED6BF9A5E967F2CFC3F5 /* LoginLocalized.strings in Resources */ = {isa = PBXBuildFile; fileRef = A47F845092BA5D3BE2A3D9D2 /* LoginLocalized.strings */; };
		D310DAFB567B4CF7F6A97F9C /* TRTCLoginViewController.swift in Sources */ = {isa = PBXBuildFile; fileRef = 3CE73808FAF7DD25300509BA /* TRTCLoginViewController.swift */; };
		E2AB91337D4CCD59A2055BFC /* TRTCLoginRootView.swift in Sources */ = {isa = PBXBuildFile; fileRef = D71B253E47503789472DC571 /* TRTCLoginRootView.swift */; };
		EF0A43CDA8613D0A0565B15F /* UserAgreementViewController.swift in Sources */ = {isa = PBXBuildFile; fileRef = DCE76A68F75E32E9918D1DE5 /* UserAgreementViewController.swift */; };
		F66ACE86ACD72514AC8FEAB8 /* LayoutDefine.swift in Sources */ = {isa = PBXBuildFile; fileRef = 8DC59A0C09CE25E73EBDD361 /* LayoutDefine.swift */; };
/* End PBXBuildFile section */

/* Begin PBXFileReference section */
		0A6A89B22E8A7C9F4D63FD14 /* Pods-TRTCChatSalonApp.release.xcconfig */ = {isa = PBXFileReference; includeInIndex = 1; lastKnownFileType = text.xcconfig; name = "Pods-TRTCChatSalonApp.release.xcconfig"; path = "Target Support Files/Pods-TRTCChatSalonApp/Pods-TRTCChatSalonApp.release.xcconfig"; sourceTree = "<group>"; };
		0F46255618B1900A7D53FE32 /* TRTCRegisterRootView.swift */ = {isa = PBXFileReference; includeInIndex = 1; lastKnownFileType = sourcecode.swift; path = TRTCRegisterRootView.swift; sourceTree = "<group>"; };
		21EB6EBD10B0E1946212230B /* Pods-TUIChatSalonApp.release.xcconfig */ = {isa = PBXFileReference; includeInIndex = 1; lastKnownFileType = text.xcconfig; name = "Pods-TUIChatSalonApp.release.xcconfig"; path = "Target Support Files/Pods-TUIChatSalonApp/Pods-TUIChatSalonApp.release.xcconfig"; sourceTree = "<group>"; };
		3CE73808FAF7DD25300509BA /* TRTCLoginViewController.swift */ = {isa = PBXFileReference; includeInIndex = 1; lastKnownFileType = sourcecode.swift; path = TRTCLoginViewController.swift; sourceTree = "<group>"; };
		470EB695266A376A0072071F /* ChatSalonMainViewController.swift */ = {isa = PBXFileReference; fileEncoding = 4; lastKnownFileType = sourcecode.swift; path = ChatSalonMainViewController.swift; sourceTree = "<group>"; };
		470EB696266A376A0072071F /* ChatSalonMainRootView.swift */ = {isa = PBXFileReference; fileEncoding = 4; lastKnownFileType = sourcecode.swift; path = ChatSalonMainRootView.swift; sourceTree = "<group>"; };
		470EB69A266A376A0072071F /* zh-Hans */ = {isa = PBXFileReference; lastKnownFileType = text.plist.strings; name = "zh-Hans"; path = "zh-Hans.lproj/ChatSalonLocalized.strings"; sourceTree = "<group>"; };
		470EB69B266A376A0072071F /* en */ = {isa = PBXFileReference; lastKnownFileType = text.plist.strings; name = en; path = en.lproj/ChatSalonLocalized.strings; sourceTree = "<group>"; };
		470EB69C266A376A0072071F /* ChatSalonLocalized.swift */ = {isa = PBXFileReference; fileEncoding = 4; lastKnownFileType = sourcecode.swift; path = ChatSalonLocalized.swift; sourceTree = "<group>"; };
		470EB69E266A376A0072071F /* ChatSalonAssets.xcassets */ = {isa = PBXFileReference; lastKnownFileType = folder.assetcatalog; path = ChatSalonAssets.xcassets; sourceTree = "<group>"; };
		470EB6AD266A454D0072071F /* Base */ = {isa = PBXFileReference; lastKnownFileType = file.storyboard; name = Base; path = Base.lproj/LaunchScreen_en.storyboard; sourceTree = "<group>"; };
		470EB6B2266A45C20072071F /* en */ = {isa = PBXFileReference; lastKnownFileType = text.plist.strings; name = en; path = en.lproj/InfoPlist.strings; sourceTree = "<group>"; };
		470EB6B4266A45CB0072071F /* zh-Hans */ = {isa = PBXFileReference; lastKnownFileType = text.plist.strings; name = "zh-Hans"; path = "zh-Hans.lproj/InfoPlist.strings"; sourceTree = "<group>"; };
		470EB6B5266A46280072071F /* LaunchImage_en@2x.png */ = {isa = PBXFileReference; lastKnownFileType = image.png; path = "LaunchImage_en@2x.png"; sourceTree = "<group>"; };
		470EB6B6266A46280072071F /* LaunchImage@3x.png */ = {isa = PBXFileReference; lastKnownFileType = image.png; path = "LaunchImage@3x.png"; sourceTree = "<group>"; };
		470EB6B7266A46280072071F /* LaunchImage_en@3x.png */ = {isa = PBXFileReference; lastKnownFileType = image.png; path = "LaunchImage_en@3x.png"; sourceTree = "<group>"; };
		470EB6B8266A46280072071F /* LaunchImage@2x.png */ = {isa = PBXFileReference; lastKnownFileType = image.png; path = "LaunchImage@2x.png"; sourceTree = "<group>"; };
		47C495F42654AD3000B95452 /* TUIChatSalonApp.app */ = {isa = PBXFileReference; explicitFileType = wrapper.application; includeInIndex = 0; path = TUIChatSalonApp.app; sourceTree = BUILT_PRODUCTS_DIR; };
		47C495F72654AD3000B95452 /* AppDelegate.swift */ = {isa = PBXFileReference; lastKnownFileType = sourcecode.swift; path = AppDelegate.swift; sourceTree = "<group>"; };
		47C495F92654AD3000B95452 /* SceneDelegate.swift */ = {isa = PBXFileReference; lastKnownFileType = sourcecode.swift; path = SceneDelegate.swift; sourceTree = "<group>"; };
		47C495FB2654AD3000B95452 /* ViewController.swift */ = {isa = PBXFileReference; lastKnownFileType = sourcecode.swift; path = ViewController.swift; sourceTree = "<group>"; };
		47C495FE2654AD3000B95452 /* Base */ = {isa = PBXFileReference; lastKnownFileType = file.storyboard; name = Base; path = Base.lproj/Main.storyboard; sourceTree = "<group>"; };
		47C496002654AD3200B95452 /* Assets.xcassets */ = {isa = PBXFileReference; lastKnownFileType = folder.assetcatalog; path = Assets.xcassets; sourceTree = "<group>"; };
		47C496032654AD3200B95452 /* Base */ = {isa = PBXFileReference; lastKnownFileType = file.storyboard; name = Base; path = Base.lproj/LaunchScreen.storyboard; sourceTree = "<group>"; };
		47C496052654AD3200B95452 /* Info.plist */ = {isa = PBXFileReference; lastKnownFileType = text.plist.xml; path = Info.plist; sourceTree = "<group>"; };
		47D1F398265500C800AE3B35 /* GenerateTestUserSig.swift */ = {isa = PBXFileReference; fileEncoding = 4; lastKnownFileType = sourcecode.swift; path = GenerateTestUserSig.swift; sourceTree = "<group>"; };
		546C97E7638ACFE141F7B4AB /* LoginLocalized.strings */ = {isa = PBXFileReference; includeInIndex = 1; lastKnownFileType = text.plist.strings; path = LoginLocalized.strings; sourceTree = "<group>"; };
		6C50AEE3F84DAFCFCF113392 /* Pods-TRTCChatSalonApp.debug.xcconfig */ = {isa = PBXFileReference; includeInIndex = 1; lastKnownFileType = text.xcconfig; name = "Pods-TRTCChatSalonApp.debug.xcconfig"; path = "Target Support Files/Pods-TRTCChatSalonApp/Pods-TRTCChatSalonApp.debug.xcconfig"; sourceTree = "<group>"; };
		6D532355B33B95F068B36188 /* ProfileManager_Mock.swift */ = {isa = PBXFileReference; includeInIndex = 1; lastKnownFileType = sourcecode.swift; path = ProfileManager_Mock.swift; sourceTree = "<group>"; };
		754ED1F1EA7CD67975A615F6 /* UserAgreementViewController+UI.swift */ = {isa = PBXFileReference; includeInIndex = 1; lastKnownFileType = sourcecode.swift; path = "UserAgreementViewController+UI.swift"; sourceTree = "<group>"; };
		7A1BBFD29A222378E7BABF97 /* AppUtils.swift */ = {isa = PBXFileReference; includeInIndex = 1; lastKnownFileType = sourcecode.swift; path = AppUtils.swift; sourceTree = "<group>"; };
		81FC66ABD5D940A45F1C9D6D /* LoginLocalized.swift */ = {isa = PBXFileReference; includeInIndex = 1; lastKnownFileType = sourcecode.swift; path = LoginLocalized.swift; sourceTree = "<group>"; };
		8DC59A0C09CE25E73EBDD361 /* LayoutDefine.swift */ = {isa = PBXFileReference; includeInIndex = 1; lastKnownFileType = sourcecode.swift; path = LayoutDefine.swift; sourceTree = "<group>"; };
		8F16F28FADBDCFE9A3EAD9FC /* Pods_TUIChatSalonApp.framework */ = {isa = PBXFileReference; explicitFileType = wrapper.framework; includeInIndex = 0; path = Pods_TUIChatSalonApp.framework; sourceTree = BUILT_PRODUCTS_DIR; };
		8F1C342331094255FC8C1698 /* TRTCRegisterViewController.swift */ = {isa = PBXFileReference; includeInIndex = 1; lastKnownFileType = sourcecode.swift; path = TRTCRegisterViewController.swift; sourceTree = "<group>"; };
		A47F845092BA5D3BE2A3D9D2 /* LoginLocalized.strings */ = {isa = PBXFileReference; includeInIndex = 1; lastKnownFileType = text.plist.strings; path = LoginLocalized.strings; sourceTree = "<group>"; };
		D71B253E47503789472DC571 /* TRTCLoginRootView.swift */ = {isa = PBXFileReference; includeInIndex = 1; lastKnownFileType = sourcecode.swift; path = TRTCLoginRootView.swift; sourceTree = "<group>"; };
		D9A32A55BCFF4FB763CE1D1D /* Pods-TUIChatSalonApp.debug.xcconfig */ = {isa = PBXFileReference; includeInIndex = 1; lastKnownFileType = text.xcconfig; name = "Pods-TUIChatSalonApp.debug.xcconfig"; path = "Target Support Files/Pods-TUIChatSalonApp/Pods-TUIChatSalonApp.debug.xcconfig"; sourceTree = "<group>"; };
		DCE76A68F75E32E9918D1DE5 /* UserAgreementViewController.swift */ = {isa = PBXFileReference; includeInIndex = 1; lastKnownFileType = sourcecode.swift; path = UserAgreementViewController.swift; sourceTree = "<group>"; };
/* End PBXFileReference section */

/* Begin PBXFrameworksBuildPhase section */
		47C495F12654AD3000B95452 /* Frameworks */ = {
			isa = PBXFrameworksBuildPhase;
			buildActionMask = 2147483647;
			files = (
				1BE9BC47CA0C8DD8E3D8AD94 /* Pods_TUIChatSalonApp.framework in Frameworks */,
			);
			runOnlyForDeploymentPostprocessing = 0;
		};
/* End PBXFrameworksBuildPhase section */

/* Begin PBXGroup section */
		0326CC95C21C5DE13284D75B /* Frameworks */ = {
			isa = PBXGroup;
			children = (
				8F16F28FADBDCFE9A3EAD9FC /* Pods_TUIChatSalonApp.framework */,
			);
			name = Frameworks;
			sourceTree = "<group>";
		};
		1846FDC79BB5093FD21B6CE3 /* Login */ = {
			isa = PBXGroup;
			children = (
				0F46255618B1900A7D53FE32 /* TRTCRegisterRootView.swift */,
				D71B253E47503789472DC571 /* TRTCLoginRootView.swift */,
				754ED1F1EA7CD67975A615F6 /* UserAgreementViewController+UI.swift */,
				9EC58FCA7185ADC2B5570A63 /* AppLocalized */,
				3CE73808FAF7DD25300509BA /* TRTCLoginViewController.swift */,
				6D532355B33B95F068B36188 /* ProfileManager_Mock.swift */,
				7A1BBFD29A222378E7BABF97 /* AppUtils.swift */,
				8F1C342331094255FC8C1698 /* TRTCRegisterViewController.swift */,
				DCE76A68F75E32E9918D1DE5 /* UserAgreementViewController.swift */,
				8DC59A0C09CE25E73EBDD361 /* LayoutDefine.swift */,
			);
			name = Login;
			path = ../Login;
			sourceTree = "<group>";
		};
		470EB693266A376A0072071F /* Main */ = {
			isa = PBXGroup;
			children = (
				470EB694266A376A0072071F /* ui */,
				470EB697266A376A0072071F /* resource */,
			);
			path = Main;
			sourceTree = "<group>";
		};
		470EB694266A376A0072071F /* ui */ = {
			isa = PBXGroup;
			children = (
				470EB695266A376A0072071F /* ChatSalonMainViewController.swift */,
				470EB696266A376A0072071F /* ChatSalonMainRootView.swift */,
			);
			path = ui;
			sourceTree = "<group>";
		};
		470EB697266A376A0072071F /* resource */ = {
			isa = PBXGroup;
			children = (
				470EB698266A376A0072071F /* localized */,
				470EB69D266A376A0072071F /* assets */,
			);
			path = resource;
			sourceTree = "<group>";
		};
		470EB698266A376A0072071F /* localized */ = {
			isa = PBXGroup;
			children = (
				470EB699266A376A0072071F /* ChatSalonLocalized.strings */,
				470EB69C266A376A0072071F /* ChatSalonLocalized.swift */,
			);
			path = localized;
			sourceTree = "<group>";
		};
		470EB69D266A376A0072071F /* assets */ = {
			isa = PBXGroup;
			children = (
				470EB69E266A376A0072071F /* ChatSalonAssets.xcassets */,
			);
			path = assets;
			sourceTree = "<group>";
		};
		47C495EB2654AD3000B95452 = {
			isa = PBXGroup;
			children = (
				47D1F397265500C800AE3B35 /* Debug */,
				47C495F62654AD3000B95452 /* App */,
				47C495F52654AD3000B95452 /* Products */,
				5A7736F3BFAA3CF2016EF658 /* Pods */,
				0326CC95C21C5DE13284D75B /* Frameworks */,
			);
			sourceTree = "<group>";
		};
		47C495F52654AD3000B95452 /* Products */ = {
			isa = PBXGroup;
			children = (
				47C495F42654AD3000B95452 /* TUIChatSalonApp.app */,
			);
			name = Products;
			sourceTree = "<group>";
		};
		47C495F62654AD3000B95452 /* App */ = {
			isa = PBXGroup;
			children = (
				470EB6B5266A46280072071F /* LaunchImage_en@2x.png */,
				470EB6B7266A46280072071F /* LaunchImage_en@3x.png */,
				470EB6B8266A46280072071F /* LaunchImage@2x.png */,
				470EB6B6266A46280072071F /* LaunchImage@3x.png */,
				47C495F72654AD3000B95452 /* AppDelegate.swift */,
				47C496002654AD3200B95452 /* Assets.xcassets */,
				47C496052654AD3200B95452 /* Info.plist */,
				470EB6AC266A454D0072071F /* LaunchScreen_en.storyboard */,
				47C496022654AD3200B95452 /* LaunchScreen.storyboard */,
				470EB693266A376A0072071F /* Main */,
				47C495FD2654AD3000B95452 /* Main.storyboard */,
				47C495F92654AD3000B95452 /* SceneDelegate.swift */,
				47C495FB2654AD3000B95452 /* ViewController.swift */,
				470EB6B3266A45C20072071F /* InfoPlist.strings */,
				1846FDC79BB5093FD21B6CE3 /* Login */,
			);
			path = App;
			sourceTree = "<group>";
		};
		47D1F397265500C800AE3B35 /* Debug */ = {
			isa = PBXGroup;
			children = (
				47D1F398265500C800AE3B35 /* GenerateTestUserSig.swift */,
			);
			path = Debug;
			sourceTree = "<group>";
		};
		5A7736F3BFAA3CF2016EF658 /* Pods */ = {
			isa = PBXGroup;
			children = (
				6C50AEE3F84DAFCFCF113392 /* Pods-TRTCChatSalonApp.debug.xcconfig */,
				0A6A89B22E8A7C9F4D63FD14 /* Pods-TRTCChatSalonApp.release.xcconfig */,
				D9A32A55BCFF4FB763CE1D1D /* Pods-TUIChatSalonApp.debug.xcconfig */,
				21EB6EBD10B0E1946212230B /* Pods-TUIChatSalonApp.release.xcconfig */,
			);
			path = Pods;
			sourceTree = "<group>";
		};
		7F90D18B51FD5CF7B73E9683 /* zh-Hans.lproj */ = {
			isa = PBXGroup;
			children = (
				A47F845092BA5D3BE2A3D9D2 /* LoginLocalized.strings */,
			);
			name = "zh-Hans.lproj";
			path = "zh-Hans.lproj";
			sourceTree = "<group>";
		};
		9EC58FCA7185ADC2B5570A63 /* AppLocalized */ = {
			isa = PBXGroup;
			children = (
				7F90D18B51FD5CF7B73E9683 /* zh-Hans.lproj */,
				C48AFE65E0BEA462768D01A7 /* en.lproj */,
				81FC66ABD5D940A45F1C9D6D /* LoginLocalized.swift */,
			);
			name = AppLocalized;
			path = AppLocalized;
			sourceTree = "<group>";
		};
		C48AFE65E0BEA462768D01A7 /* en.lproj */ = {
			isa = PBXGroup;
			children = (
				546C97E7638ACFE141F7B4AB /* LoginLocalized.strings */,
			);
			name = en.lproj;
			path = en.lproj;
			sourceTree = "<group>";
		};
/* End PBXGroup section */

/* Begin PBXNativeTarget section */
		47C495F32654AD3000B95452 /* TUIChatSalonApp */ = {
			isa = PBXNativeTarget;
			buildConfigurationList = 47C496082654AD3200B95452 /* Build configuration list for PBXNativeTarget "TUIChatSalonApp" */;
			buildPhases = (
				45EEE351484B2657356FD7E3 /* [CP] Check Pods Manifest.lock */,
				47C495F02654AD3000B95452 /* Sources */,
				47C495F12654AD3000B95452 /* Frameworks */,
				47C495F22654AD3000B95452 /* Resources */,
				2E74BCBA1320009A12C8DED9 /* [CP] Embed Pods Frameworks */,
				71136EA2710BC343776BBC54 /* [CP] Copy Pods Resources */,
			);
			buildRules = (
			);
			dependencies = (
			);
			name = TUIChatSalonApp;
			productName = TRTCChatSalonApp;
			productReference = 47C495F42654AD3000B95452 /* TUIChatSalonApp.app */;
			productType = "com.apple.product-type.application";
		};
/* End PBXNativeTarget section */

/* Begin PBXProject section */
		47C495EC2654AD3000B95452 /* Project object */ = {
			isa = PBXProject;
			attributes = {
				LastSwiftUpdateCheck = 1240;
				LastUpgradeCheck = 1240;
				TargetAttributes = {
					47C495F32654AD3000B95452 = {
						CreatedOnToolsVersion = 12.4;
					};
				};
			};
			buildConfigurationList = 47C495EF2654AD3000B95452 /* Build configuration list for PBXProject "TUIChatSalonApp" */;
			compatibilityVersion = "Xcode 9.3";
			developmentRegion = en;
			hasScannedForEncodings = 0;
			knownRegions = (
				en,
				Base,
				"zh-Hans",
			);
			mainGroup = 47C495EB2654AD3000B95452;
			productRefGroup = 47C495F52654AD3000B95452 /* Products */;
			projectDirPath = "";
			projectRoot = "";
			targets = (
				47C495F32654AD3000B95452 /* TUIChatSalonApp */,
			);
		};
/* End PBXProject section */

/* Begin PBXResourcesBuildPhase section */
		47C495F22654AD3000B95452 /* Resources */ = {
			isa = PBXResourcesBuildPhase;
			buildActionMask = 2147483647;
			files = (
				470EB6AE266A454D0072071F /* LaunchScreen_en.storyboard in Resources */,
				470EB6BC266A46280072071F /* LaunchImage@2x.png in Resources */,
				470EB6B1266A45C20072071F /* InfoPlist.strings in Resources */,
				470EB6B9266A46280072071F /* LaunchImage_en@2x.png in Resources */,
				47C496042654AD3200B95452 /* LaunchScreen.storyboard in Resources */,
				47C495FF2654AD3000B95452 /* Main.storyboard in Resources */,
				4739C7EE2657527C00CA7C45 /* Assets.xcassets in Resources */,
				470EB6BB266A46280072071F /* LaunchImage_en@3x.png in Resources */,
				470EB6A1266A376A0072071F /* ChatSalonLocalized.strings in Resources */,
				470EB6BA266A46280072071F /* LaunchImage@3x.png in Resources */,
				470EB6A3266A376A0072071F /* ChatSalonAssets.xcassets in Resources */,
				CF4FED6BF9A5E967F2CFC3F5 /* LoginLocalized.strings in Resources */,
				AAD6D5BF7C883D2AB358A520 /* LoginLocalized.strings in Resources */,
			);
			runOnlyForDeploymentPostprocessing = 0;
		};
/* End PBXResourcesBuildPhase section */

/* Begin PBXShellScriptBuildPhase section */
		2E74BCBA1320009A12C8DED9 /* [CP] Embed Pods Frameworks */ = {
			isa = PBXShellScriptBuildPhase;
			buildActionMask = 2147483647;
			files = (
			);
			inputFileListPaths = (
				"${PODS_ROOT}/Target Support Files/Pods-TUIChatSalonApp/Pods-TUIChatSalonApp-frameworks-${CONFIGURATION}-input-files.xcfilelist",
			);
			name = "[CP] Embed Pods Frameworks";
			outputFileListPaths = (
				"${PODS_ROOT}/Target Support Files/Pods-TUIChatSalonApp/Pods-TUIChatSalonApp-frameworks-${CONFIGURATION}-output-files.xcfilelist",
			);
			runOnlyForDeploymentPostprocessing = 0;
			shellPath = /bin/sh;
			shellScript = "\"${PODS_ROOT}/Target Support Files/Pods-TUIChatSalonApp/Pods-TUIChatSalonApp-frameworks.sh\"\n";
			showEnvVarsInLog = 0;
		};
		45EEE351484B2657356FD7E3 /* [CP] Check Pods Manifest.lock */ = {
			isa = PBXShellScriptBuildPhase;
			buildActionMask = 2147483647;
			files = (
			);
			inputFileListPaths = (
			);
			inputPaths = (
				"${PODS_PODFILE_DIR_PATH}/Podfile.lock",
				"${PODS_ROOT}/Manifest.lock",
			);
			name = "[CP] Check Pods Manifest.lock";
			outputFileListPaths = (
			);
			outputPaths = (
				"$(DERIVED_FILE_DIR)/Pods-TUIChatSalonApp-checkManifestLockResult.txt",
			);
			runOnlyForDeploymentPostprocessing = 0;
			shellPath = /bin/sh;
			shellScript = "diff \"${PODS_PODFILE_DIR_PATH}/Podfile.lock\" \"${PODS_ROOT}/Manifest.lock\" > /dev/null\nif [ $? != 0 ] ; then\n    # print error to STDERR\n    echo \"error: The sandbox is not in sync with the Podfile.lock. Run 'pod install' or update your CocoaPods installation.\" >&2\n    exit 1\nfi\n# This output is used by Xcode 'outputs' to avoid re-running this script phase.\necho \"SUCCESS\" > \"${SCRIPT_OUTPUT_FILE_0}\"\n";
			showEnvVarsInLog = 0;
		};
		71136EA2710BC343776BBC54 /* [CP] Copy Pods Resources */ = {
			isa = PBXShellScriptBuildPhase;
			buildActionMask = 2147483647;
			files = (
			);
			inputFileListPaths = (
				"${PODS_ROOT}/Target Support Files/Pods-TUIChatSalonApp/Pods-TUIChatSalonApp-resources-${CONFIGURATION}-input-files.xcfilelist",
			);
			name = "[CP] Copy Pods Resources";
			outputFileListPaths = (
				"${PODS_ROOT}/Target Support Files/Pods-TUIChatSalonApp/Pods-TUIChatSalonApp-resources-${CONFIGURATION}-output-files.xcfilelist",
			);
			runOnlyForDeploymentPostprocessing = 0;
			shellPath = /bin/sh;
			shellScript = "\"${PODS_ROOT}/Target Support Files/Pods-TUIChatSalonApp/Pods-TUIChatSalonApp-resources.sh\"\n";
			showEnvVarsInLog = 0;
		};
/* End PBXShellScriptBuildPhase section */

/* Begin PBXSourcesBuildPhase section */
		47C495F02654AD3000B95452 /* Sources */ = {
			isa = PBXSourcesBuildPhase;
			buildActionMask = 2147483647;
			files = (
				47C495FC2654AD3000B95452 /* ViewController.swift in Sources */,
				470EB69F266A376A0072071F /* ChatSalonMainViewController.swift in Sources */,
				47D1F399265500C800AE3B35 /* GenerateTestUserSig.swift in Sources */,
				470EB6A0266A376A0072071F /* ChatSalonMainRootView.swift in Sources */,
				47C495F82654AD3000B95452 /* AppDelegate.swift in Sources */,
				470EB6A2266A376A0072071F /* ChatSalonLocalized.swift in Sources */,
				47C495FA2654AD3000B95452 /* SceneDelegate.swift in Sources */,
				0FFC57F37F432F1F7199A05E /* TRTCRegisterRootView.swift in Sources */,
				E2AB91337D4CCD59A2055BFC /* TRTCLoginRootView.swift in Sources */,
				717C249C4A6C94257CE23D35 /* UserAgreementViewController+UI.swift in Sources */,
				78B29C841A8F5FF55176E51E /* LoginLocalized.swift in Sources */,
				D310DAFB567B4CF7F6A97F9C /* TRTCLoginViewController.swift in Sources */,
				129F2ADB693106B7B06163BB /* ProfileManager_Mock.swift in Sources */,
				BA53494F7A1B0C821A08B930 /* AppUtils.swift in Sources */,
				398F16043304146B323D3B10 /* TRTCRegisterViewController.swift in Sources */,
				EF0A43CDA8613D0A0565B15F /* UserAgreementViewController.swift in Sources */,
				F66ACE86ACD72514AC8FEAB8 /* LayoutDefine.swift in Sources */,
			);
			runOnlyForDeploymentPostprocessing = 0;
		};
/* End PBXSourcesBuildPhase section */

/* Begin PBXVariantGroup section */
		470EB699266A376A0072071F /* ChatSalonLocalized.strings */ = {
			isa = PBXVariantGroup;
			children = (
				470EB69A266A376A0072071F /* zh-Hans */,
				470EB69B266A376A0072071F /* en */,
			);
			name = ChatSalonLocalized.strings;
			sourceTree = "<group>";
		};
		470EB6AC266A454D0072071F /* LaunchScreen_en.storyboard */ = {
			isa = PBXVariantGroup;
			children = (
				470EB6AD266A454D0072071F /* Base */,
			);
			name = LaunchScreen_en.storyboard;
			sourceTree = "<group>";
		};
		470EB6B3266A45C20072071F /* InfoPlist.strings */ = {
			isa = PBXVariantGroup;
			children = (
				470EB6B2266A45C20072071F /* en */,
				470EB6B4266A45CB0072071F /* zh-Hans */,
			);
			name = InfoPlist.strings;
			sourceTree = "<group>";
		};
		47C495FD2654AD3000B95452 /* Main.storyboard */ = {
			isa = PBXVariantGroup;
			children = (
				47C495FE2654AD3000B95452 /* Base */,
			);
			name = Main.storyboard;
			sourceTree = "<group>";
		};
		47C496022654AD3200B95452 /* LaunchScreen.storyboard */ = {
			isa = PBXVariantGroup;
			children = (
				47C496032654AD3200B95452 /* Base */,
			);
			name = LaunchScreen.storyboard;
			sourceTree = "<group>";
		};
/* End PBXVariantGroup section */

/* Begin XCBuildConfiguration section */
		47C496062654AD3200B95452 /* Debug */ = {
			isa = XCBuildConfiguration;
			buildSettings = {
				ALWAYS_SEARCH_USER_PATHS = NO;
				CLANG_ANALYZER_NONNULL = YES;
				CLANG_ANALYZER_NUMBER_OBJECT_CONVERSION = YES_AGGRESSIVE;
				CLANG_CXX_LANGUAGE_STANDARD = "gnu++14";
				CLANG_CXX_LIBRARY = "libc++";
				CLANG_ENABLE_MODULES = YES;
				CLANG_ENABLE_OBJC_ARC = YES;
				CLANG_ENABLE_OBJC_WEAK = YES;
				CLANG_WARN_BLOCK_CAPTURE_AUTORELEASING = YES;
				CLANG_WARN_BOOL_CONVERSION = YES;
				CLANG_WARN_COMMA = YES;
				CLANG_WARN_CONSTANT_CONVERSION = YES;
				CLANG_WARN_DEPRECATED_OBJC_IMPLEMENTATIONS = YES;
				CLANG_WARN_DIRECT_OBJC_ISA_USAGE = YES_ERROR;
				CLANG_WARN_DOCUMENTATION_COMMENTS = YES;
				CLANG_WARN_EMPTY_BODY = YES;
				CLANG_WARN_ENUM_CONVERSION = YES;
				CLANG_WARN_INFINITE_RECURSION = YES;
				CLANG_WARN_INT_CONVERSION = YES;
				CLANG_WARN_NON_LITERAL_NULL_CONVERSION = YES;
				CLANG_WARN_OBJC_IMPLICIT_RETAIN_SELF = YES;
				CLANG_WARN_OBJC_LITERAL_CONVERSION = YES;
				CLANG_WARN_OBJC_ROOT_CLASS = YES_ERROR;
				CLANG_WARN_QUOTED_INCLUDE_IN_FRAMEWORK_HEADER = YES;
				CLANG_WARN_RANGE_LOOP_ANALYSIS = YES;
				CLANG_WARN_STRICT_PROTOTYPES = YES;
				CLANG_WARN_SUSPICIOUS_MOVE = YES;
				CLANG_WARN_UNGUARDED_AVAILABILITY = YES_AGGRESSIVE;
				CLANG_WARN_UNREACHABLE_CODE = YES;
				CLANG_WARN__DUPLICATE_METHOD_MATCH = YES;
				COPY_PHASE_STRIP = NO;
				DEBUG_INFORMATION_FORMAT = dwarf;
				ENABLE_STRICT_OBJC_MSGSEND = YES;
				ENABLE_TESTABILITY = YES;
				GCC_C_LANGUAGE_STANDARD = gnu11;
				GCC_DYNAMIC_NO_PIC = NO;
				GCC_NO_COMMON_BLOCKS = YES;
				GCC_OPTIMIZATION_LEVEL = 0;
				GCC_PREPROCESSOR_DEFINITIONS = (
					"DEBUG=1",
					"$(inherited)",
				);
				GCC_WARN_64_TO_32_BIT_CONVERSION = YES;
				GCC_WARN_ABOUT_RETURN_TYPE = YES_ERROR;
				GCC_WARN_UNDECLARED_SELECTOR = YES;
				GCC_WARN_UNINITIALIZED_AUTOS = YES_AGGRESSIVE;
				GCC_WARN_UNUSED_FUNCTION = YES;
				GCC_WARN_UNUSED_VARIABLE = YES;
				IPHONEOS_DEPLOYMENT_TARGET = 14.4;
				MTL_ENABLE_DEBUG_INFO = INCLUDE_SOURCE;
				MTL_FAST_MATH = YES;
				ONLY_ACTIVE_ARCH = YES;
				SDKROOT = iphoneos;
				SWIFT_ACTIVE_COMPILATION_CONDITIONS = DEBUG;
				SWIFT_OPTIMIZATION_LEVEL = "-Onone";
			};
			name = Debug;
		};
		47C496072654AD3200B95452 /* Release */ = {
			isa = XCBuildConfiguration;
			buildSettings = {
				ALWAYS_SEARCH_USER_PATHS = NO;
				CLANG_ANALYZER_NONNULL = YES;
				CLANG_ANALYZER_NUMBER_OBJECT_CONVERSION = YES_AGGRESSIVE;
				CLANG_CXX_LANGUAGE_STANDARD = "gnu++14";
				CLANG_CXX_LIBRARY = "libc++";
				CLANG_ENABLE_MODULES = YES;
				CLANG_ENABLE_OBJC_ARC = YES;
				CLANG_ENABLE_OBJC_WEAK = YES;
				CLANG_WARN_BLOCK_CAPTURE_AUTORELEASING = YES;
				CLANG_WARN_BOOL_CONVERSION = YES;
				CLANG_WARN_COMMA = YES;
				CLANG_WARN_CONSTANT_CONVERSION = YES;
				CLANG_WARN_DEPRECATED_OBJC_IMPLEMENTATIONS = YES;
				CLANG_WARN_DIRECT_OBJC_ISA_USAGE = YES_ERROR;
				CLANG_WARN_DOCUMENTATION_COMMENTS = YES;
				CLANG_WARN_EMPTY_BODY = YES;
				CLANG_WARN_ENUM_CONVERSION = YES;
				CLANG_WARN_INFINITE_RECURSION = YES;
				CLANG_WARN_INT_CONVERSION = YES;
				CLANG_WARN_NON_LITERAL_NULL_CONVERSION = YES;
				CLANG_WARN_OBJC_IMPLICIT_RETAIN_SELF = YES;
				CLANG_WARN_OBJC_LITERAL_CONVERSION = YES;
				CLANG_WARN_OBJC_ROOT_CLASS = YES_ERROR;
				CLANG_WARN_QUOTED_INCLUDE_IN_FRAMEWORK_HEADER = YES;
				CLANG_WARN_RANGE_LOOP_ANALYSIS = YES;
				CLANG_WARN_STRICT_PROTOTYPES = YES;
				CLANG_WARN_SUSPICIOUS_MOVE = YES;
				CLANG_WARN_UNGUARDED_AVAILABILITY = YES_AGGRESSIVE;
				CLANG_WARN_UNREACHABLE_CODE = YES;
				CLANG_WARN__DUPLICATE_METHOD_MATCH = YES;
				COPY_PHASE_STRIP = NO;
				DEBUG_INFORMATION_FORMAT = "dwarf-with-dsym";
				ENABLE_NS_ASSERTIONS = NO;
				ENABLE_STRICT_OBJC_MSGSEND = YES;
				GCC_C_LANGUAGE_STANDARD = gnu11;
				GCC_NO_COMMON_BLOCKS = YES;
				GCC_WARN_64_TO_32_BIT_CONVERSION = YES;
				GCC_WARN_ABOUT_RETURN_TYPE = YES_ERROR;
				GCC_WARN_UNDECLARED_SELECTOR = YES;
				GCC_WARN_UNINITIALIZED_AUTOS = YES_AGGRESSIVE;
				GCC_WARN_UNUSED_FUNCTION = YES;
				GCC_WARN_UNUSED_VARIABLE = YES;
				IPHONEOS_DEPLOYMENT_TARGET = 14.4;
				MTL_ENABLE_DEBUG_INFO = NO;
				MTL_FAST_MATH = YES;
				SDKROOT = iphoneos;
				SWIFT_COMPILATION_MODE = wholemodule;
				SWIFT_OPTIMIZATION_LEVEL = "-O";
				VALIDATE_PRODUCT = YES;
			};
			name = Release;
		};
		47C496092654AD3200B95452 /* Debug */ = {
			isa = XCBuildConfiguration;
			baseConfigurationReference = D9A32A55BCFF4FB763CE1D1D /* Pods-TUIChatSalonApp.debug.xcconfig */;
			buildSettings = {
				ASSETCATALOG_COMPILER_APPICON_NAME = AppIcon;
				ASSETCATALOG_COMPILER_GLOBAL_ACCENT_COLOR_NAME = AccentColor;
				CODE_SIGN_IDENTITY = "iPhone Developer";
				CODE_SIGN_STYLE = Manual;
				DEVELOPMENT_TEAM = F8A3GH6Q4W;
				ENABLE_BITCODE = NO;
				FRAMEWORK_SEARCH_PATHS = (
					"$(inherited)",
					"\"${PODS_CONFIGURATION_BUILD_DIR}/Alamofire\"",
					"\"${PODS_CONFIGURATION_BUILD_DIR}/Kingfisher\"",
					"\"${PODS_CONFIGURATION_BUILD_DIR}/MJExtension\"",
					"\"${PODS_CONFIGURATION_BUILD_DIR}/MJRefresh\"",
					"\"${PODS_CONFIGURATION_BUILD_DIR}/SnapKit\"",
					"\"${PODS_CONFIGURATION_BUILD_DIR}/TUIChatSalon\"",
					"\"${PODS_CONFIGURATION_BUILD_DIR}/TXAppBasic\"",
					"\"${PODS_CONFIGURATION_BUILD_DIR}/Toast-Swift\"",
					"\"${PODS_ROOT}/TXImSDK_Plus_iOS\"",
				);
				HEADER_SEARCH_PATHS = (
					"$(inherited)",
					"\"${PODS_CONFIGURATION_BUILD_DIR}/Alamofire/Alamofire.framework/Headers\"",
					"\"${PODS_CONFIGURATION_BUILD_DIR}/Kingfisher/Kingfisher.framework/Headers\"",
					"\"${PODS_CONFIGURATION_BUILD_DIR}/MJExtension/MJExtension.framework/Headers\"",
					"\"${PODS_CONFIGURATION_BUILD_DIR}/MJRefresh/MJRefresh.framework/Headers\"",
					"\"${PODS_CONFIGURATION_BUILD_DIR}/SnapKit/SnapKit.framework/Headers\"",
					"\"${PODS_CONFIGURATION_BUILD_DIR}/TRTCChatSalon/TUIChatSalon.framework/Headers\"",
					"\"${PODS_CONFIGURATION_BUILD_DIR}/TXAppBasic/TXAppBasic.framework/Headers\"",
					"\"${PODS_CONFIGURATION_BUILD_DIR}/Toast-Swift/Toast_Swift.framework/Headers\"",
					"${PODS_ROOT}/TXImSDK_Plus_iOS/ImSDK_Plus.framework/Headers/",
				);
				INFOPLIST_FILE = App/Info.plist;
				IPHONEOS_DEPLOYMENT_TARGET = 13.0;
				LD_RUNPATH_SEARCH_PATHS = (
					"$(inherited)",
					"@executable_path/Frameworks",
				);
				OTHER_LDFLAGS = (
					"$(inherited)",
					"-ObjC",
					"-l\"c++\"",
					"-l\"resolv\"",
					"-framework",
					"\"AVFoundation\"",
					"-framework",
					"\"Accelerate\"",
					"-framework",
					"\"Alamofire\"",
					"-framework",
					"\"CFNetwork\"",
					"-framework",
					"\"ImSDK_Plus\"",
					"-framework",
					"\"Kingfisher\"",
					"-framework",
					"\"MJExtension\"",
					"-framework",
					"\"MJRefresh\"",
					"-framework",
					"\"QuartzCore\"",
					"-framework",
					"\"SnapKit\"",
					"-framework",
					"\"TUIChatSalon\"",
					"-framework",
					"\"TXAppBasic\"",
					"-framework",
					"\"Toast_Swift\"",
					"-weak_framework",
					"\"Combine\"",
					"-weak_framework",
					"\"SwiftUI\"",
				);
				PRODUCT_BUNDLE_IDENTIFIER = com.adams.TRTCChatSalonApp;
				PRODUCT_NAME = "$(TARGET_NAME)";
				PROVISIONING_PROFILE_SPECIFIER = abyWildcardDev;
				SWIFT_VERSION = 5.0;
				TARGETED_DEVICE_FAMILY = 1;
			};
			name = Debug;
		};
		47C4960A2654AD3200B95452 /* Release */ = {
			isa = XCBuildConfiguration;
			baseConfigurationReference = 21EB6EBD10B0E1946212230B /* Pods-TUIChatSalonApp.release.xcconfig */;
			buildSettings = {
				ASSETCATALOG_COMPILER_APPICON_NAME = AppIcon;
				ASSETCATALOG_COMPILER_GLOBAL_ACCENT_COLOR_NAME = AccentColor;
				CODE_SIGN_IDENTITY = "iPhone Developer";
				CODE_SIGN_STYLE = Manual;
				DEVELOPMENT_TEAM = F8A3GH6Q4W;
				ENABLE_BITCODE = NO;
				FRAMEWORK_SEARCH_PATHS = (
					"$(inherited)",
					"\"${PODS_CONFIGURATION_BUILD_DIR}/Alamofire\"",
					"\"${PODS_CONFIGURATION_BUILD_DIR}/Kingfisher\"",
					"\"${PODS_CONFIGURATION_BUILD_DIR}/MJExtension\"",
					"\"${PODS_CONFIGURATION_BUILD_DIR}/MJRefresh\"",
					"\"${PODS_CONFIGURATION_BUILD_DIR}/SnapKit\"",
					"\"${PODS_CONFIGURATION_BUILD_DIR}/TUIChatSalon\"",
					"\"${PODS_CONFIGURATION_BUILD_DIR}/TXAppBasic\"",
					"\"${PODS_CONFIGURATION_BUILD_DIR}/Toast-Swift\"",
					"\"${PODS_ROOT}/TXImSDK_Plus_iOS\"",
				);
				HEADER_SEARCH_PATHS = (
					"$(inherited)",
					"\"${PODS_CONFIGURATION_BUILD_DIR}/Alamofire/Alamofire.framework/Headers\"",
					"\"${PODS_CONFIGURATION_BUILD_DIR}/Kingfisher/Kingfisher.framework/Headers\"",
					"\"${PODS_CONFIGURATION_BUILD_DIR}/MJExtension/MJExtension.framework/Headers\"",
					"\"${PODS_CONFIGURATION_BUILD_DIR}/MJRefresh/MJRefresh.framework/Headers\"",
					"\"${PODS_CONFIGURATION_BUILD_DIR}/SnapKit/SnapKit.framework/Headers\"",
					"\"${PODS_CONFIGURATION_BUILD_DIR}/TUIChatSalon/TRTCChatSalon.framework/Headers\"",
					"\"${PODS_CONFIGURATION_BUILD_DIR}/TXAppBasic/TXAppBasic.framework/Headers\"",
					"\"${PODS_CONFIGURATION_BUILD_DIR}/Toast-Swift/Toast_Swift.framework/Headers\"",
					"${PODS_ROOT}/TXImSDK_Plus_iOS/ImSDK_Plus.framework/Headers/",
				);
				INFOPLIST_FILE = App/Info.plist;
				IPHONEOS_DEPLOYMENT_TARGET = 13.0;
				LD_RUNPATH_SEARCH_PATHS = (
					"$(inherited)",
					"@executable_path/Frameworks",
				);
				OTHER_LDFLAGS = (
					"$(inherited)",
					"-ObjC",
					"-l\"c++\"",
					"-l\"resolv\"",
					"-framework",
					"\"AVFoundation\"",
					"-framework",
					"\"Accelerate\"",
					"-framework",
					"\"Alamofire\"",
					"-framework",
					"\"CFNetwork\"",
					"-framework",
					"\"ImSDK_Plus\"",
					"-framework",
					"\"Kingfisher\"",
					"-framework",
					"\"MJExtension\"",
					"-framework",
					"\"MJRefresh\"",
					"-framework",
					"\"QuartzCore\"",
					"-framework",
					"\"SnapKit\"",
					"-framework",
					"\"TUIChatSalon\"",
					"-framework",
					"\"TXAppBasic\"",
					"-framework",
					"\"Toast_Swift\"",
					"-weak_framework",
					"\"Combine\"",
					"-weak_framework",
					"\"SwiftUI\"",
				);
				PRODUCT_BUNDLE_IDENTIFIER = com.adams.TRTCChatSalonApp;
				PRODUCT_NAME = "$(TARGET_NAME)";
				PROVISIONING_PROFILE_SPECIFIER = abyWildcardDev;
				SWIFT_VERSION = 5.0;
				TARGETED_DEVICE_FAMILY = 1;
			};
			name = Release;
		};
/* End XCBuildConfiguration section */

/* Begin XCConfigurationList section */
		47C495EF2654AD3000B95452 /* Build configuration list for PBXProject "TUIChatSalonApp" */ = {
			isa = XCConfigurationList;
			buildConfigurations = (
				47C496062654AD3200B95452 /* Debug */,
				47C496072654AD3200B95452 /* Release */,
			);
			defaultConfigurationIsVisible = 0;
			defaultConfigurationName = Release;
		};
		47C496082654AD3200B95452 /* Build configuration list for PBXNativeTarget "TUIChatSalonApp" */ = {
			isa = XCConfigurationList;
			buildConfigurations = (
				47C496092654AD3200B95452 /* Debug */,
				47C4960A2654AD3200B95452 /* Release */,
			);
			defaultConfigurationIsVisible = 0;
			defaultConfigurationName = Release;
		};
/* End XCConfigurationList section */
	};
	rootObject = 47C495EC2654AD3000B95452 /* Project object */;
}
